// !$*UTF8*$!
{
	archiveVersion = 1;
	classes = {
	};
	objectVersion = 55;
	objects = {

/* Begin PBXBuildFile section */
		7841E0CA284F517000583A3A /* APIComicResult.swift in Sources */ = {isa = PBXBuildFile; fileRef = 7841E0C9284F517000583A3A /* APIComicResult.swift */; };
		7872CD1B284602F800030F76 /* marvel_api_appApp.swift in Sources */ = {isa = PBXBuildFile; fileRef = 7872CD1A284602F800030F76 /* marvel_api_appApp.swift */; };
		7872CD1D284602F800030F76 /* ContentView.swift in Sources */ = {isa = PBXBuildFile; fileRef = 7872CD1C284602F800030F76 /* ContentView.swift */; };
		7872CD1F284602F900030F76 /* Assets.xcassets in Resources */ = {isa = PBXBuildFile; fileRef = 7872CD1E284602F900030F76 /* Assets.xcassets */; };
		7872CD22284602F900030F76 /* Preview Assets.xcassets in Resources */ = {isa = PBXBuildFile; fileRef = 7872CD21284602F900030F76 /* Preview Assets.xcassets */; };
		7872CD292846040200030F76 /* Credentials.swift in Sources */ = {isa = PBXBuildFile; fileRef = 7872CD282846040200030F76 /* Credentials.swift */; };
		7872CD302846059E00030F76 /* CharacterManager.swift in Sources */ = {isa = PBXBuildFile; fileRef = 7872CD2F2846059E00030F76 /* CharacterManager.swift */; };
		7886E3D028488E68001AFF8B /* CharaterView.swift in Sources */ = {isa = PBXBuildFile; fileRef = 7886E3CF28488E68001AFF8B /* CharaterView.swift */; };
		7886E3D228489BA4001AFF8B /* ComicView.swift in Sources */ = {isa = PBXBuildFile; fileRef = 7886E3D128489BA4001AFF8B /* ComicView.swift */; };
		78AE1A6E2849F69200451E16 /* WebView.swift in Sources */ = {isa = PBXBuildFile; fileRef = 78AE1A6D2849F69200451E16 /* WebView.swift */; };
		78B4C67128460D2900022262 /* APICharacterResult.swift in Sources */ = {isa = PBXBuildFile; fileRef = 78B4C67028460D2900022262 /* APICharacterResult.swift */; };
		78E055AB2855B51200792149 /* CardView.swift in Sources */ = {isa = PBXBuildFile; fileRef = 78E055AA2855B51200792149 /* CardView.swift */; };
		A0042457C4DE465F3EB5FB9D /* Pods_marvel_api_app.framework in Frameworks */ = {isa = PBXBuildFile; fileRef = 517B1AA016602AD45D65C68A /* Pods_marvel_api_app.framework */; };
/* End PBXBuildFile section */

/* Begin PBXFileReference section */
		2F799D4F03A9031B945D8B6E /* Pods-marvel-api-app.release.xcconfig */ = {isa = PBXFileReference; includeInIndex = 1; lastKnownFileType = text.xcconfig; name = "Pods-marvel-api-app.release.xcconfig"; path = "Target Support Files/Pods-marvel-api-app/Pods-marvel-api-app.release.xcconfig"; sourceTree = "<group>"; };
		517B1AA016602AD45D65C68A /* Pods_marvel_api_app.framework */ = {isa = PBXFileReference; explicitFileType = wrapper.framework; includeInIndex = 0; path = Pods_marvel_api_app.framework; sourceTree = BUILT_PRODUCTS_DIR; };
		7841E0C9284F517000583A3A /* APIComicResult.swift */ = {isa = PBXFileReference; lastKnownFileType = sourcecode.swift; path = APIComicResult.swift; sourceTree = "<group>"; };
		7872CD17284602F800030F76 /* marvel-api-app.app */ = {isa = PBXFileReference; explicitFileType = wrapper.application; includeInIndex = 0; path = "marvel-api-app.app"; sourceTree = BUILT_PRODUCTS_DIR; };
		7872CD1A284602F800030F76 /* marvel_api_appApp.swift */ = {isa = PBXFileReference; lastKnownFileType = sourcecode.swift; path = marvel_api_appApp.swift; sourceTree = "<group>"; };
		7872CD1C284602F800030F76 /* ContentView.swift */ = {isa = PBXFileReference; lastKnownFileType = sourcecode.swift; path = ContentView.swift; sourceTree = "<group>"; };
		7872CD1E284602F900030F76 /* Assets.xcassets */ = {isa = PBXFileReference; lastKnownFileType = folder.assetcatalog; path = Assets.xcassets; sourceTree = "<group>"; };
		7872CD21284602F900030F76 /* Preview Assets.xcassets */ = {isa = PBXFileReference; lastKnownFileType = folder.assetcatalog; path = "Preview Assets.xcassets"; sourceTree = "<group>"; };
		7872CD282846040200030F76 /* Credentials.swift */ = {isa = PBXFileReference; lastKnownFileType = sourcecode.swift; path = Credentials.swift; sourceTree = "<group>"; };
		7872CD2F2846059E00030F76 /* CharacterManager.swift */ = {isa = PBXFileReference; lastKnownFileType = sourcecode.swift; path = CharacterManager.swift; sourceTree = "<group>"; };
		7886E3CF28488E68001AFF8B /* CharaterView.swift */ = {isa = PBXFileReference; lastKnownFileType = sourcecode.swift; path = CharaterView.swift; sourceTree = "<group>"; };
		7886E3D128489BA4001AFF8B /* ComicView.swift */ = {isa = PBXFileReference; lastKnownFileType = sourcecode.swift; path = ComicView.swift; sourceTree = "<group>"; };
		7886E3D32848A14C001AFF8B /* Info.plist */ = {isa = PBXFileReference; lastKnownFileType = text.plist; path = Info.plist; sourceTree = "<group>"; };
		78AE1A6D2849F69200451E16 /* WebView.swift */ = {isa = PBXFileReference; lastKnownFileType = sourcecode.swift; path = WebView.swift; sourceTree = "<group>"; };
		78B4C67028460D2900022262 /* APICharacterResult.swift */ = {isa = PBXFileReference; lastKnownFileType = sourcecode.swift; path = APICharacterResult.swift; sourceTree = "<group>"; };
		78E055AA2855B51200792149 /* CardView.swift */ = {isa = PBXFileReference; lastKnownFileType = sourcecode.swift; path = CardView.swift; sourceTree = "<group>"; };
		A6AD19067A24541038DE1008 /* Pods-marvel-api-app.debug.xcconfig */ = {isa = PBXFileReference; includeInIndex = 1; lastKnownFileType = text.xcconfig; name = "Pods-marvel-api-app.debug.xcconfig"; path = "Target Support Files/Pods-marvel-api-app/Pods-marvel-api-app.debug.xcconfig"; sourceTree = "<group>"; };
/* End PBXFileReference section */

/* Begin PBXFrameworksBuildPhase section */
		7872CD14284602F800030F76 /* Frameworks */ = {
			isa = PBXFrameworksBuildPhase;
			buildActionMask = 2147483647;
			files = (
				A0042457C4DE465F3EB5FB9D /* Pods_marvel_api_app.framework in Frameworks */,
			);
			runOnlyForDeploymentPostprocessing = 0;
		};
/* End PBXFrameworksBuildPhase section */

/* Begin PBXGroup section */
		2E9110D0E4AF4CCC572B1186 /* Frameworks */ = {
			isa = PBXGroup;
			children = (
				517B1AA016602AD45D65C68A /* Pods_marvel_api_app.framework */,
			);
			name = Frameworks;
			sourceTree = "<group>";
		};
		7872CD0E284602F800030F76 = {
			isa = PBXGroup;
			children = (
				7872CD19284602F800030F76 /* marvel-api-app */,
				7872CD18284602F800030F76 /* Products */,
				8786A8D998AC12FCD14B1CA9 /* Pods */,
				2E9110D0E4AF4CCC572B1186 /* Frameworks */,
			);
			sourceTree = "<group>";
		};
		7872CD18284602F800030F76 /* Products */ = {
			isa = PBXGroup;
			children = (
				7872CD17284602F800030F76 /* marvel-api-app.app */,
			);
			name = Products;
			sourceTree = "<group>";
		};
		7872CD19284602F800030F76 /* marvel-api-app */ = {
			isa = PBXGroup;
			children = (
				7886E3D32848A14C001AFF8B /* Info.plist */,
				7872CD1A284602F800030F76 /* marvel_api_appApp.swift */,
				7872CD2B2846046E00030F76 /* Model */,
				7872CD2C2846047400030F76 /* ViewModel */,
				788DF58A2849DF8600A7077D /* Componets */,
				7872CD2A2846046900030F76 /* View */,
				7872CD1E284602F900030F76 /* Assets.xcassets */,
				7872CD20284602F900030F76 /* Preview Content */,
			);
			path = "marvel-api-app";
			sourceTree = "<group>";
		};
		7872CD20284602F900030F76 /* Preview Content */ = {
			isa = PBXGroup;
			children = (
				7872CD21284602F900030F76 /* Preview Assets.xcassets */,
			);
			path = "Preview Content";
			sourceTree = "<group>";
		};
		7872CD2A2846046900030F76 /* View */ = {
			isa = PBXGroup;
			children = (
				7872CD1C284602F800030F76 /* ContentView.swift */,
				7886E3CF28488E68001AFF8B /* CharaterView.swift */,
				7886E3D128489BA4001AFF8B /* ComicView.swift */,
				78E055AA2855B51200792149 /* CardView.swift */,
			);
			path = View;
			sourceTree = "<group>";
		};
		7872CD2B2846046E00030F76 /* Model */ = {
			isa = PBXGroup;
			children = (
				7872CD282846040200030F76 /* Credentials.swift */,
				78B4C67028460D2900022262 /* APICharacterResult.swift */,
				7841E0C9284F517000583A3A /* APIComicResult.swift */,
			);
			path = Model;
			sourceTree = "<group>";
		};
		7872CD2C2846047400030F76 /* ViewModel */ = {
			isa = PBXGroup;
			children = (
				7872CD2F2846059E00030F76 /* CharacterManager.swift */,
			);
			path = ViewModel;
			sourceTree = "<group>";
		};
		788DF58A2849DF8600A7077D /* Componets */ = {
			isa = PBXGroup;
			children = (
				78AE1A6D2849F69200451E16 /* WebView.swift */,
			);
			path = Componets;
			sourceTree = "<group>";
		};
		8786A8D998AC12FCD14B1CA9 /* Pods */ = {
			isa = PBXGroup;
			children = (
				A6AD19067A24541038DE1008 /* Pods-marvel-api-app.debug.xcconfig */,
				2F799D4F03A9031B945D8B6E /* Pods-marvel-api-app.release.xcconfig */,
			);
			path = Pods;
			sourceTree = "<group>";
		};
/* End PBXGroup section */

/* Begin PBXNativeTarget section */
		7872CD16284602F800030F76 /* marvel-api-app */ = {
			isa = PBXNativeTarget;
			buildConfigurationList = 7872CD25284602F900030F76 /* Build configuration list for PBXNativeTarget "marvel-api-app" */;
			buildPhases = (
				3882C18C922F6C4C04CDA986 /* [CP] Check Pods Manifest.lock */,
				7872CD13284602F800030F76 /* Sources */,
				7872CD14284602F800030F76 /* Frameworks */,
				7872CD15284602F800030F76 /* Resources */,
				D43AA8E3ADFC11FB83B8F73E /* [CP] Embed Pods Frameworks */,
			);
			buildRules = (
			);
			dependencies = (
			);
			name = "marvel-api-app";
			productName = "marvel-api-app";
			productReference = 7872CD17284602F800030F76 /* marvel-api-app.app */;
			productType = "com.apple.product-type.application";
		};
/* End PBXNativeTarget section */

/* Begin PBXProject section */
		7872CD0F284602F800030F76 /* Project object */ = {
			isa = PBXProject;
			attributes = {
				BuildIndependentTargetsInParallel = 1;
				LastSwiftUpdateCheck = 1340;
				LastUpgradeCheck = 1340;
				TargetAttributes = {
					7872CD16284602F800030F76 = {
						CreatedOnToolsVersion = 13.4;
					};
				};
			};
			buildConfigurationList = 7872CD12284602F800030F76 /* Build configuration list for PBXProject "marvel-api-app" */;
			compatibilityVersion = "Xcode 13.0";
			developmentRegion = en;
			hasScannedForEncodings = 0;
			knownRegions = (
				en,
				Base,
			);
			mainGroup = 7872CD0E284602F800030F76;
			productRefGroup = 7872CD18284602F800030F76 /* Products */;
			projectDirPath = "";
			projectRoot = "";
			targets = (
				7872CD16284602F800030F76 /* marvel-api-app */,
			);
		};
/* End PBXProject section */

/* Begin PBXResourcesBuildPhase section */
		7872CD15284602F800030F76 /* Resources */ = {
			isa = PBXResourcesBuildPhase;
			buildActionMask = 2147483647;
			files = (
				7872CD22284602F900030F76 /* Preview Assets.xcassets in Resources */,
				7872CD1F284602F900030F76 /* Assets.xcassets in Resources */,
			);
			runOnlyForDeploymentPostprocessing = 0;
		};
/* End PBXResourcesBuildPhase section */

/* Begin PBXShellScriptBuildPhase section */
		3882C18C922F6C4C04CDA986 /* [CP] Check Pods Manifest.lock */ = {
			isa = PBXShellScriptBuildPhase;
			buildActionMask = 2147483647;
			files = (
			);
			inputFileListPaths = (
			);
			inputPaths = (
				"${PODS_PODFILE_DIR_PATH}/Podfile.lock",
				"${PODS_ROOT}/Manifest.lock",
			);
			name = "[CP] Check Pods Manifest.lock";
			outputFileListPaths = (
			);
			outputPaths = (
				"$(DERIVED_FILE_DIR)/Pods-marvel-api-app-checkManifestLockResult.txt",
			);
			runOnlyForDeploymentPostprocessing = 0;
			shellPath = /bin/sh;
			shellScript = "diff \"${PODS_PODFILE_DIR_PATH}/Podfile.lock\" \"${PODS_ROOT}/Manifest.lock\" > /dev/null\nif [ $? != 0 ] ; then\n    # print error to STDERR\n    echo \"error: The sandbox is not in sync with the Podfile.lock. Run 'pod install' or update your CocoaPods installation.\" >&2\n    exit 1\nfi\n# This output is used by Xcode 'outputs' to avoid re-running this script phase.\necho \"SUCCESS\" > \"${SCRIPT_OUTPUT_FILE_0}\"\n";
			showEnvVarsInLog = 0;
		};
		D43AA8E3ADFC11FB83B8F73E /* [CP] Embed Pods Frameworks */ = {
			isa = PBXShellScriptBuildPhase;
			buildActionMask = 2147483647;
			files = (
			);
			inputFileListPaths = (
				"${PODS_ROOT}/Target Support Files/Pods-marvel-api-app/Pods-marvel-api-app-frameworks-${CONFIGURATION}-input-files.xcfilelist",
			);
			name = "[CP] Embed Pods Frameworks";
			outputFileListPaths = (
				"${PODS_ROOT}/Target Support Files/Pods-marvel-api-app/Pods-marvel-api-app-frameworks-${CONFIGURATION}-output-files.xcfilelist",
			);
			runOnlyForDeploymentPostprocessing = 0;
			shellPath = /bin/sh;
			shellScript = "\"${PODS_ROOT}/Target Support Files/Pods-marvel-api-app/Pods-marvel-api-app-frameworks.sh\"\n";
			showEnvVarsInLog = 0;
		};
/* End PBXShellScriptBuildPhase section */

/* Begin PBXSourcesBuildPhase section */
		7872CD13284602F800030F76 /* Sources */ = {
			isa = PBXSourcesBuildPhase;
			buildActionMask = 2147483647;
			files = (
				7872CD1D284602F800030F76 /* ContentView.swift in Sources */,
				7872CD292846040200030F76 /* Credentials.swift in Sources */,
				7886E3D228489BA4001AFF8B /* ComicView.swift in Sources */,
				7886E3D028488E68001AFF8B /* CharaterView.swift in Sources */,
				7872CD302846059E00030F76 /* CharacterManager.swift in Sources */,
				78AE1A6E2849F69200451E16 /* WebView.swift in Sources */,
				7872CD1B284602F800030F76 /* marvel_api_appApp.swift in Sources */,
				78B4C67128460D2900022262 /* APICharacterResult.swift in Sources */,
				78E055AB2855B51200792149 /* CardView.swift in Sources */,
				7841E0CA284F517000583A3A /* APIComicResult.swift in Sources */,
			);
			runOnlyForDeploymentPostprocessing = 0;
		};
/* End PBXSourcesBuildPhase section */

/* Begin XCBuildConfiguration section */
		7872CD23284602F900030F76 /* Debug */ = {
			isa = XCBuildConfiguration;
			buildSettings = {
				ALWAYS_SEARCH_USER_PATHS = NO;
				CLANG_ANALYZER_NONNULL = YES;
				CLANG_ANALYZER_NUMBER_OBJECT_CONVERSION = YES_AGGRESSIVE;
				CLANG_CXX_LANGUAGE_STANDARD = "gnu++17";
				CLANG_ENABLE_MODULES = YES;
				CLANG_ENABLE_OBJC_ARC = YES;
				CLANG_ENABLE_OBJC_WEAK = YES;
				CLANG_WARN_BLOCK_CAPTURE_AUTORELEASING = YES;
				CLANG_WARN_BOOL_CONVERSION = YES;
				CLANG_WARN_COMMA = YES;
				CLANG_WARN_CONSTANT_CONVERSION = YES;
				CLANG_WARN_DEPRECATED_OBJC_IMPLEMENTATIONS = YES;
				CLANG_WARN_DIRECT_OBJC_ISA_USAGE = YES_ERROR;
				CLANG_WARN_DOCUMENTATION_COMMENTS = YES;
				CLANG_WARN_EMPTY_BODY = YES;
				CLANG_WARN_ENUM_CONVERSION = YES;
				CLANG_WARN_INFINITE_RECURSION = YES;
				CLANG_WARN_INT_CONVERSION = YES;
				CLANG_WARN_NON_LITERAL_NULL_CONVERSION = YES;
				CLANG_WARN_OBJC_IMPLICIT_RETAIN_SELF = YES;
				CLANG_WARN_OBJC_LITERAL_CONVERSION = YES;
				CLANG_WARN_OBJC_ROOT_CLASS = YES_ERROR;
				CLANG_WARN_QUOTED_INCLUDE_IN_FRAMEWORK_HEADER = YES;
				CLANG_WARN_RANGE_LOOP_ANALYSIS = YES;
				CLANG_WARN_STRICT_PROTOTYPES = YES;
				CLANG_WARN_SUSPICIOUS_MOVE = YES;
				CLANG_WARN_UNGUARDED_AVAILABILITY = YES_AGGRESSIVE;
				CLANG_WARN_UNREACHABLE_CODE = YES;
				CLANG_WARN__DUPLICATE_METHOD_MATCH = YES;
				COPY_PHASE_STRIP = NO;
				DEBUG_INFORMATION_FORMAT = dwarf;
				ENABLE_STRICT_OBJC_MSGSEND = YES;
				ENABLE_TESTABILITY = YES;
				GCC_C_LANGUAGE_STANDARD = gnu11;
				GCC_DYNAMIC_NO_PIC = NO;
				GCC_NO_COMMON_BLOCKS = YES;
				GCC_OPTIMIZATION_LEVEL = 0;
				GCC_PREPROCESSOR_DEFINITIONS = (
					"DEBUG=1",
					"$(inherited)",
				);
				GCC_WARN_64_TO_32_BIT_CONVERSION = YES;
				GCC_WARN_ABOUT_RETURN_TYPE = YES_ERROR;
				GCC_WARN_UNDECLARED_SELECTOR = YES;
				GCC_WARN_UNINITIALIZED_AUTOS = YES_AGGRESSIVE;
				GCC_WARN_UNUSED_FUNCTION = YES;
				GCC_WARN_UNUSED_VARIABLE = YES;
				IPHONEOS_DEPLOYMENT_TARGET = 15.5;
				MTL_ENABLE_DEBUG_INFO = INCLUDE_SOURCE;
				MTL_FAST_MATH = YES;
				ONLY_ACTIVE_ARCH = YES;
				SDKROOT = iphoneos;
				SWIFT_ACTIVE_COMPILATION_CONDITIONS = DEBUG;
				SWIFT_OPTIMIZATION_LEVEL = "-Onone";
			};
			name = Debug;
		};
		7872CD24284602F900030F76 /* Release */ = {
			isa = XCBuildConfiguration;
			buildSettings = {
				ALWAYS_SEARCH_USER_PATHS = NO;
				CLANG_ANALYZER_NONNULL = YES;
				CLANG_ANALYZER_NUMBER_OBJECT_CONVERSION = YES_AGGRESSIVE;
				CLANG_CXX_LANGUAGE_STANDARD = "gnu++17";
				CLANG_ENABLE_MODULES = YES;
				CLANG_ENABLE_OBJC_ARC = YES;
				CLANG_ENABLE_OBJC_WEAK = YES;
				CLANG_WARN_BLOCK_CAPTURE_AUTORELEASING = YES;
				CLANG_WARN_BOOL_CONVERSION = YES;
				CLANG_WARN_COMMA = YES;
				CLANG_WARN_CONSTANT_CONVERSION = YES;
				CLANG_WARN_DEPRECATED_OBJC_IMPLEMENTATIONS = YES;
				CLANG_WARN_DIRECT_OBJC_ISA_USAGE = YES_ERROR;
				CLANG_WARN_DOCUMENTATION_COMMENTS = YES;
				CLANG_WARN_EMPTY_BODY = YES;
				CLANG_WARN_ENUM_CONVERSION = YES;
				CLANG_WARN_INFINITE_RECURSION = YES;
				CLANG_WARN_INT_CONVERSION = YES;
				CLANG_WARN_NON_LITERAL_NULL_CONVERSION = YES;
				CLANG_WARN_OBJC_IMPLICIT_RETAIN_SELF = YES;
				CLANG_WARN_OBJC_LITERAL_CONVERSION = YES;
				CLANG_WARN_OBJC_ROOT_CLASS = YES_ERROR;
				CLANG_WARN_QUOTED_INCLUDE_IN_FRAMEWORK_HEADER = YES;
				CLANG_WARN_RANGE_LOOP_ANALYSIS = YES;
				CLANG_WARN_STRICT_PROTOTYPES = YES;
				CLANG_WARN_SUSPICIOUS_MOVE = YES;
				CLANG_WARN_UNGUARDED_AVAILABILITY = YES_AGGRESSIVE;
				CLANG_WARN_UNREACHABLE_CODE = YES;
				CLANG_WARN__DUPLICATE_METHOD_MATCH = YES;
				COPY_PHASE_STRIP = NO;
				DEBUG_INFORMATION_FORMAT = "dwarf-with-dsym";
				ENABLE_NS_ASSERTIONS = NO;
				ENABLE_STRICT_OBJC_MSGSEND = YES;
				GCC_C_LANGUAGE_STANDARD = gnu11;
				GCC_NO_COMMON_BLOCKS = YES;
				GCC_WARN_64_TO_32_BIT_CONVERSION = YES;
				GCC_WARN_ABOUT_RETURN_TYPE = YES_ERROR;
				GCC_WARN_UNDECLARED_SELECTOR = YES;
				GCC_WARN_UNINITIALIZED_AUTOS = YES_AGGRESSIVE;
				GCC_WARN_UNUSED_FUNCTION = YES;
				GCC_WARN_UNUSED_VARIABLE = YES;
				IPHONEOS_DEPLOYMENT_TARGET = 15.5;
				MTL_ENABLE_DEBUG_INFO = NO;
				MTL_FAST_MATH = YES;
				SDKROOT = iphoneos;
				SWIFT_COMPILATION_MODE = wholemodule;
				SWIFT_OPTIMIZATION_LEVEL = "-O";
				VALIDATE_PRODUCT = YES;
			};
			name = Release;
		};
		7872CD26284602F900030F76 /* Debug */ = {
			isa = XCBuildConfiguration;
			baseConfigurationReference = A6AD19067A24541038DE1008 /* Pods-marvel-api-app.debug.xcconfig */;
			buildSettings = {
				ASSETCATALOG_COMPILER_APPICON_NAME = AppIcon;
				ASSETCATALOG_COMPILER_GLOBAL_ACCENT_COLOR_NAME = AccentColor;
				CODE_SIGN_STYLE = Automatic;
				CURRENT_PROJECT_VERSION = 1;
				DEVELOPMENT_ASSET_PATHS = "\"marvel-api-app/Preview Content\"";
				DEVELOPMENT_TEAM = WQD7F9D6LV;
				ENABLE_PREVIEWS = YES;
				GENERATE_INFOPLIST_FILE = YES;
				INFOPLIST_FILE = "marvel-api-app/Info.plist";
				INFOPLIST_KEY_UIApplicationSceneManifest_Generation = YES;
				INFOPLIST_KEY_UIApplicationSupportsIndirectInputEvents = YES;
				INFOPLIST_KEY_UILaunchScreen_Generation = YES;
				INFOPLIST_KEY_UISupportedInterfaceOrientations_iPad = "UIInterfaceOrientationPortrait UIInterfaceOrientationPortraitUpsideDown UIInterfaceOrientationLandscapeLeft UIInterfaceOrientationLandscapeRight";
				INFOPLIST_KEY_UISupportedInterfaceOrientations_iPhone = "UIInterfaceOrientationPortrait UIInterfaceOrientationLandscapeLeft UIInterfaceOrientationLandscapeRight";
				LD_RUNPATH_SEARCH_PATHS = (
					"$(inherited)",
					"@executable_path/Frameworks",
				);
				MARKETING_VERSION = 1.0;
				PRODUCT_BUNDLE_IDENTIFIER = "com.moolman.marvel-api-app";
				PRODUCT_NAME = "$(TARGET_NAME)";
				SWIFT_EMIT_LOC_STRINGS = YES;
				SWIFT_VERSION = 5.0;
				TARGETED_DEVICE_FAMILY = "1,2";
			};
			name = Debug;
		};
		7872CD27284602F900030F76 /* Release */ = {
			isa = XCBuildConfiguration;
			baseConfigurationReference = 2F799D4F03A9031B945D8B6E /* Pods-marvel-api-app.release.xcconfig */;
			buildSettings = {
				ASSETCATALOG_COMPILER_APPICON_NAME = AppIcon;
				ASSETCATALOG_COMPILER_GLOBAL_ACCENT_COLOR_NAME = AccentColor;
				CODE_SIGN_STYLE = Automatic;
				CURRENT_PROJECT_VERSION = 1;
				DEVELOPMENT_ASSET_PATHS = "\"marvel-api-app/Preview Content\"";
				DEVELOPMENT_TEAM = WQD7F9D6LV;
				ENABLE_PREVIEWS = YES;
				GENERATE_INFOPLIST_FILE = YES;
				INFOPLIST_FILE = "marvel-api-app/Info.plist";
				INFOPLIST_KEY_UIApplicationSceneManifest_Generation = YES;
				INFOPLIST_KEY_UIApplicationSupportsIndirectInputEvents = YES;
				INFOPLIST_KEY_UILaunchScreen_Generation = YES;
				INFOPLIST_KEY_UISupportedInterfaceOrientations_iPad = "UIInterfaceOrientationPortrait UIInterfaceOrientationPortraitUpsideDown UIInterfaceOrientationLandscapeLeft UIInterfaceOrientationLandscapeRight";
				INFOPLIST_KEY_UISupportedInterfaceOrientations_iPhone = "UIInterfaceOrientationPortrait UIInterfaceOrientationLandscapeLeft UIInterfaceOrientationLandscapeRight";
				LD_RUNPATH_SEARCH_PATHS = (
					"$(inherited)",
					"@executable_path/Frameworks",
				);
				MARKETING_VERSION = 1.0;
				PRODUCT_BUNDLE_IDENTIFIER = "com.moolman.marvel-api-app";
				PRODUCT_NAME = "$(TARGET_NAME)";
				SWIFT_EMIT_LOC_STRINGS = YES;
				SWIFT_VERSION = 5.0;
				TARGETED_DEVICE_FAMILY = "1,2";
			};
			name = Release;
		};
/* End XCBuildConfiguration section */

/* Begin XCConfigurationList section */
		7872CD12284602F800030F76 /* Build configuration list for PBXProject "marvel-api-app" */ = {
			isa = XCConfigurationList;
			buildConfigurations = (
				7872CD23284602F900030F76 /* Debug */,
				7872CD24284602F900030F76 /* Release */,
			);
			defaultConfigurationIsVisible = 0;
			defaultConfigurationName = Release;
		};
		7872CD25284602F900030F76 /* Build configuration list for PBXNativeTarget "marvel-api-app" */ = {
			isa = XCConfigurationList;
			buildConfigurations = (
				7872CD26284602F900030F76 /* Debug */,
				7872CD27284602F900030F76 /* Release */,
			);
			defaultConfigurationIsVisible = 0;
			defaultConfigurationName = Release;
		};
/* End XCConfigurationList section */
	};
	rootObject = 7872CD0F284602F800030F76 /* Project object */;
}
